// !$*UTF8*$!
{
	archiveVersion = 1;
	classes = {
	};
	objectVersion = 50;
	objects = {

/* Begin PBXBuildFile section */
		1EE56B28F1374062A227B6E2 /* Pods_ParsetagramTests.framework in Frameworks */ = {isa = PBXBuildFile; fileRef = 3CC65835E8A8E807D64F8EFB /* Pods_ParsetagramTests.framework */; };
		8B52A91D09910A9DB62B3E8D /* Pods_Parsetagram.framework in Frameworks */ = {isa = PBXBuildFile; fileRef = 54BADD288E8D15977DC68BD9 /* Pods_Parsetagram.framework */; };
		BE3808C52247271600CA31E7 /* LoginViewController.swift in Sources */ = {isa = PBXBuildFile; fileRef = BE3808C42247271600CA31E7 /* LoginViewController.swift */; };
		BE3808C72247272900CA31E7 /* FeedViewController.swift in Sources */ = {isa = PBXBuildFile; fileRef = BE3808C62247272900CA31E7 /* FeedViewController.swift */; };
		BE3808C922473B2300CA31E7 /* CameraViewController.swift in Sources */ = {isa = PBXBuildFile; fileRef = BE3808C822473B2300CA31E7 /* CameraViewController.swift */; };
		BE3808CB22481A3500CA31E7 /* PostCell.swift in Sources */ = {isa = PBXBuildFile; fileRef = BE3808CA22481A3500CA31E7 /* PostCell.swift */; };
		BEF9051C2246F9200044ADE9 /* AppDelegate.swift in Sources */ = {isa = PBXBuildFile; fileRef = BEF9051B2246F9200044ADE9 /* AppDelegate.swift */; };
		BEF905212246F9200044ADE9 /* Main.storyboard in Resources */ = {isa = PBXBuildFile; fileRef = BEF9051F2246F9200044ADE9 /* Main.storyboard */; };
		BEF905232246F9210044ADE9 /* Assets.xcassets in Resources */ = {isa = PBXBuildFile; fileRef = BEF905222246F9210044ADE9 /* Assets.xcassets */; };
		BEF905262246F9210044ADE9 /* LaunchScreen.storyboard in Resources */ = {isa = PBXBuildFile; fileRef = BEF905242246F9210044ADE9 /* LaunchScreen.storyboard */; };
		BEF905312246F9210044ADE9 /* ParsetagramTests.swift in Sources */ = {isa = PBXBuildFile; fileRef = BEF905302246F9210044ADE9 /* ParsetagramTests.swift */; };
		BEF9053C2246F9210044ADE9 /* ParsetagramUITests.swift in Sources */ = {isa = PBXBuildFile; fileRef = BEF9053B2246F9210044ADE9 /* ParsetagramUITests.swift */; };
		E9853227FFEE853E9B567847 /* Pods_ParsetagramUITests.framework in Frameworks */ = {isa = PBXBuildFile; fileRef = 2ECCAA9B1AC7265CE83E8212 /* Pods_ParsetagramUITests.framework */; };
/* End PBXBuildFile section */

/* Begin PBXContainerItemProxy section */
		BEF9052D2246F9210044ADE9 /* PBXContainerItemProxy */ = {
			isa = PBXContainerItemProxy;
			containerPortal = BEF905102246F9200044ADE9 /* Project object */;
			proxyType = 1;
			remoteGlobalIDString = BEF905172246F9200044ADE9;
			remoteInfo = Parsetagram;
		};
		BEF905382246F9210044ADE9 /* PBXContainerItemProxy */ = {
			isa = PBXContainerItemProxy;
			containerPortal = BEF905102246F9200044ADE9 /* Project object */;
			proxyType = 1;
			remoteGlobalIDString = BEF905172246F9200044ADE9;
			remoteInfo = Parsetagram;
		};
/* End PBXContainerItemProxy section */

/* Begin PBXFileReference section */
		250503D671853722B276E9D0 /* Pods-Parsetagram.debug.xcconfig */ = {isa = PBXFileReference; includeInIndex = 1; lastKnownFileType = text.xcconfig; name = "Pods-Parsetagram.debug.xcconfig"; path = "Target Support Files/Pods-Parsetagram/Pods-Parsetagram.debug.xcconfig"; sourceTree = "<group>"; };
		2ECCAA9B1AC7265CE83E8212 /* Pods_ParsetagramUITests.framework */ = {isa = PBXFileReference; explicitFileType = wrapper.framework; includeInIndex = 0; path = Pods_ParsetagramUITests.framework; sourceTree = BUILT_PRODUCTS_DIR; };
		3CC65835E8A8E807D64F8EFB /* Pods_ParsetagramTests.framework */ = {isa = PBXFileReference; explicitFileType = wrapper.framework; includeInIndex = 0; path = Pods_ParsetagramTests.framework; sourceTree = BUILT_PRODUCTS_DIR; };
		3EC58B487398A3C4F69F5B75 /* Pods-ParsetagramUITests.release.xcconfig */ = {isa = PBXFileReference; includeInIndex = 1; lastKnownFileType = text.xcconfig; name = "Pods-ParsetagramUITests.release.xcconfig"; path = "Target Support Files/Pods-ParsetagramUITests/Pods-ParsetagramUITests.release.xcconfig"; sourceTree = "<group>"; };
		54BADD288E8D15977DC68BD9 /* Pods_Parsetagram.framework */ = {isa = PBXFileReference; explicitFileType = wrapper.framework; includeInIndex = 0; path = Pods_Parsetagram.framework; sourceTree = BUILT_PRODUCTS_DIR; };
		A627417FC3723A0B1BDDB11E /* Pods-ParsetagramTests.debug.xcconfig */ = {isa = PBXFileReference; includeInIndex = 1; lastKnownFileType = text.xcconfig; name = "Pods-ParsetagramTests.debug.xcconfig"; path = "Target Support Files/Pods-ParsetagramTests/Pods-ParsetagramTests.debug.xcconfig"; sourceTree = "<group>"; };
		BE3808C42247271600CA31E7 /* LoginViewController.swift */ = {isa = PBXFileReference; lastKnownFileType = sourcecode.swift; path = LoginViewController.swift; sourceTree = "<group>"; };
		BE3808C62247272900CA31E7 /* FeedViewController.swift */ = {isa = PBXFileReference; lastKnownFileType = sourcecode.swift; path = FeedViewController.swift; sourceTree = "<group>"; };
		BE3808C822473B2300CA31E7 /* CameraViewController.swift */ = {isa = PBXFileReference; lastKnownFileType = sourcecode.swift; path = CameraViewController.swift; sourceTree = "<group>"; };
		BE3808CA22481A3500CA31E7 /* PostCell.swift */ = {isa = PBXFileReference; lastKnownFileType = sourcecode.swift; path = PostCell.swift; sourceTree = "<group>"; };
		BEF905182246F9200044ADE9 /* Parsetagram.app */ = {isa = PBXFileReference; explicitFileType = wrapper.application; includeInIndex = 0; path = Parsetagram.app; sourceTree = BUILT_PRODUCTS_DIR; };
		BEF9051B2246F9200044ADE9 /* AppDelegate.swift */ = {isa = PBXFileReference; lastKnownFileType = sourcecode.swift; path = AppDelegate.swift; sourceTree = "<group>"; };
		BEF905202246F9200044ADE9 /* Base */ = {isa = PBXFileReference; lastKnownFileType = file.storyboard; name = Base; path = Base.lproj/Main.storyboard; sourceTree = "<group>"; };
		BEF905222246F9210044ADE9 /* Assets.xcassets */ = {isa = PBXFileReference; lastKnownFileType = folder.assetcatalog; path = Assets.xcassets; sourceTree = "<group>"; };
		BEF905252246F9210044ADE9 /* Base */ = {isa = PBXFileReference; lastKnownFileType = file.storyboard; name = Base; path = Base.lproj/LaunchScreen.storyboard; sourceTree = "<group>"; };
		BEF905272246F9210044ADE9 /* Info.plist */ = {isa = PBXFileReference; lastKnownFileType = text.plist.xml; path = Info.plist; sourceTree = "<group>"; };
		BEF9052C2246F9210044ADE9 /* ParsetagramTests.xctest */ = {isa = PBXFileReference; explicitFileType = wrapper.cfbundle; includeInIndex = 0; path = ParsetagramTests.xctest; sourceTree = BUILT_PRODUCTS_DIR; };
		BEF905302246F9210044ADE9 /* ParsetagramTests.swift */ = {isa = PBXFileReference; lastKnownFileType = sourcecode.swift; path = ParsetagramTests.swift; sourceTree = "<group>"; };
		BEF905322246F9210044ADE9 /* Info.plist */ = {isa = PBXFileReference; lastKnownFileType = text.plist.xml; path = Info.plist; sourceTree = "<group>"; };
		BEF905372246F9210044ADE9 /* ParsetagramUITests.xctest */ = {isa = PBXFileReference; explicitFileType = wrapper.cfbundle; includeInIndex = 0; path = ParsetagramUITests.xctest; sourceTree = BUILT_PRODUCTS_DIR; };
		BEF9053B2246F9210044ADE9 /* ParsetagramUITests.swift */ = {isa = PBXFileReference; lastKnownFileType = sourcecode.swift; path = ParsetagramUITests.swift; sourceTree = "<group>"; };
		BEF9053D2246F9210044ADE9 /* Info.plist */ = {isa = PBXFileReference; lastKnownFileType = text.plist.xml; path = Info.plist; sourceTree = "<group>"; };
		CFB591637EDDC14D3B5D01CB /* Pods-Parsetagram.release.xcconfig */ = {isa = PBXFileReference; includeInIndex = 1; lastKnownFileType = text.xcconfig; name = "Pods-Parsetagram.release.xcconfig"; path = "Target Support Files/Pods-Parsetagram/Pods-Parsetagram.release.xcconfig"; sourceTree = "<group>"; };
		EBEAA81407A2800E783A5232 /* Pods-ParsetagramTests.release.xcconfig */ = {isa = PBXFileReference; includeInIndex = 1; lastKnownFileType = text.xcconfig; name = "Pods-ParsetagramTests.release.xcconfig"; path = "Target Support Files/Pods-ParsetagramTests/Pods-ParsetagramTests.release.xcconfig"; sourceTree = "<group>"; };
		FB34902FCB75E77221E0757C /* Pods-ParsetagramUITests.debug.xcconfig */ = {isa = PBXFileReference; includeInIndex = 1; lastKnownFileType = text.xcconfig; name = "Pods-ParsetagramUITests.debug.xcconfig"; path = "Target Support Files/Pods-ParsetagramUITests/Pods-ParsetagramUITests.debug.xcconfig"; sourceTree = "<group>"; };
/* End PBXFileReference section */

/* Begin PBXFrameworksBuildPhase section */
		BEF905152246F9200044ADE9 /* Frameworks */ = {
			isa = PBXFrameworksBuildPhase;
			buildActionMask = 2147483647;
			files = (
				8B52A91D09910A9DB62B3E8D /* Pods_Parsetagram.framework in Frameworks */,
			);
			runOnlyForDeploymentPostprocessing = 0;
		};
		BEF905292246F9210044ADE9 /* Frameworks */ = {
			isa = PBXFrameworksBuildPhase;
			buildActionMask = 2147483647;
			files = (
				1EE56B28F1374062A227B6E2 /* Pods_ParsetagramTests.framework in Frameworks */,
			);
			runOnlyForDeploymentPostprocessing = 0;
		};
		BEF905342246F9210044ADE9 /* Frameworks */ = {
			isa = PBXFrameworksBuildPhase;
			buildActionMask = 2147483647;
			files = (
				E9853227FFEE853E9B567847 /* Pods_ParsetagramUITests.framework in Frameworks */,
			);
			runOnlyForDeploymentPostprocessing = 0;
		};
/* End PBXFrameworksBuildPhase section */

/* Begin PBXGroup section */
		49B62AECF9D556A73F0C9E6E /* Frameworks */ = {
			isa = PBXGroup;
			children = (
				54BADD288E8D15977DC68BD9 /* Pods_Parsetagram.framework */,
				3CC65835E8A8E807D64F8EFB /* Pods_ParsetagramTests.framework */,
				2ECCAA9B1AC7265CE83E8212 /* Pods_ParsetagramUITests.framework */,
			);
			name = Frameworks;
			sourceTree = "<group>";
		};
		BEF9050F2246F9200044ADE9 = {
			isa = PBXGroup;
			children = (
				BEF9051A2246F9200044ADE9 /* Parsetagram */,
				BEF9052F2246F9210044ADE9 /* ParsetagramTests */,
				BEF9053A2246F9210044ADE9 /* ParsetagramUITests */,
				BEF905192246F9200044ADE9 /* Products */,
				C881E9FE0399AE97E5BE20B8 /* Pods */,
				49B62AECF9D556A73F0C9E6E /* Frameworks */,
			);
			sourceTree = "<group>";
		};
		BEF905192246F9200044ADE9 /* Products */ = {
			isa = PBXGroup;
			children = (
				BEF905182246F9200044ADE9 /* Parsetagram.app */,
				BEF9052C2246F9210044ADE9 /* ParsetagramTests.xctest */,
				BEF905372246F9210044ADE9 /* ParsetagramUITests.xctest */,
			);
			name = Products;
			sourceTree = "<group>";
		};
		BEF9051A2246F9200044ADE9 /* Parsetagram */ = {
			isa = PBXGroup;
			children = (
				BEF9051B2246F9200044ADE9 /* AppDelegate.swift */,
				BEF9051F2246F9200044ADE9 /* Main.storyboard */,
				BEF905222246F9210044ADE9 /* Assets.xcassets */,
				BEF905242246F9210044ADE9 /* LaunchScreen.storyboard */,
				BEF905272246F9210044ADE9 /* Info.plist */,
				BE3808C42247271600CA31E7 /* LoginViewController.swift */,
				BE3808C62247272900CA31E7 /* FeedViewController.swift */,
				BE3808C822473B2300CA31E7 /* CameraViewController.swift */,
				BE3808CA22481A3500CA31E7 /* PostCell.swift */,
			);
			path = Parsetagram;
			sourceTree = "<group>";
		};
		BEF9052F2246F9210044ADE9 /* ParsetagramTests */ = {
			isa = PBXGroup;
			children = (
				BEF905302246F9210044ADE9 /* ParsetagramTests.swift */,
				BEF905322246F9210044ADE9 /* Info.plist */,
			);
			path = ParsetagramTests;
			sourceTree = "<group>";
		};
		BEF9053A2246F9210044ADE9 /* ParsetagramUITests */ = {
			isa = PBXGroup;
			children = (
				BEF9053B2246F9210044ADE9 /* ParsetagramUITests.swift */,
				BEF9053D2246F9210044ADE9 /* Info.plist */,
			);
			path = ParsetagramUITests;
			sourceTree = "<group>";
		};
		C881E9FE0399AE97E5BE20B8 /* Pods */ = {
			isa = PBXGroup;
			children = (
				250503D671853722B276E9D0 /* Pods-Parsetagram.debug.xcconfig */,
				CFB591637EDDC14D3B5D01CB /* Pods-Parsetagram.release.xcconfig */,
				A627417FC3723A0B1BDDB11E /* Pods-ParsetagramTests.debug.xcconfig */,
				EBEAA81407A2800E783A5232 /* Pods-ParsetagramTests.release.xcconfig */,
				FB34902FCB75E77221E0757C /* Pods-ParsetagramUITests.debug.xcconfig */,
				3EC58B487398A3C4F69F5B75 /* Pods-ParsetagramUITests.release.xcconfig */,
			);
			path = Pods;
			sourceTree = "<group>";
		};
/* End PBXGroup section */

/* Begin PBXNativeTarget section */
		BEF905172246F9200044ADE9 /* Parsetagram */ = {
			isa = PBXNativeTarget;
			buildConfigurationList = BEF905402246F9210044ADE9 /* Build configuration list for PBXNativeTarget "Parsetagram" */;
			buildPhases = (
				C95F7E14A0950BDEB305630E /* [CP] Check Pods Manifest.lock */,
				BEF905142246F9200044ADE9 /* Sources */,
				BEF905152246F9200044ADE9 /* Frameworks */,
				BEF905162246F9200044ADE9 /* Resources */,
				06CBEA3A92DB6028E62FCE65 /* [CP] Embed Pods Frameworks */,
			);
			buildRules = (
			);
			dependencies = (
			);
			name = Parsetagram;
			productName = Parsetagram;
			productReference = BEF905182246F9200044ADE9 /* Parsetagram.app */;
			productType = "com.apple.product-type.application";
		};
		BEF9052B2246F9210044ADE9 /* ParsetagramTests */ = {
			isa = PBXNativeTarget;
			buildConfigurationList = BEF905432246F9210044ADE9 /* Build configuration list for PBXNativeTarget "ParsetagramTests" */;
			buildPhases = (
				8B1EE4536D653A63107593D7 /* [CP] Check Pods Manifest.lock */,
				BEF905282246F9210044ADE9 /* Sources */,
				BEF905292246F9210044ADE9 /* Frameworks */,
				BEF9052A2246F9210044ADE9 /* Resources */,
			);
			buildRules = (
			);
			dependencies = (
				BEF9052E2246F9210044ADE9 /* PBXTargetDependency */,
			);
			name = ParsetagramTests;
			productName = ParsetagramTests;
			productReference = BEF9052C2246F9210044ADE9 /* ParsetagramTests.xctest */;
			productType = "com.apple.product-type.bundle.unit-test";
		};
		BEF905362246F9210044ADE9 /* ParsetagramUITests */ = {
			isa = PBXNativeTarget;
			buildConfigurationList = BEF905462246F9210044ADE9 /* Build configuration list for PBXNativeTarget "ParsetagramUITests" */;
			buildPhases = (
				FD183B591AD51AC2A56E09F5 /* [CP] Check Pods Manifest.lock */,
				BEF905332246F9210044ADE9 /* Sources */,
				BEF905342246F9210044ADE9 /* Frameworks */,
				BEF905352246F9210044ADE9 /* Resources */,
			);
			buildRules = (
			);
			dependencies = (
				BEF905392246F9210044ADE9 /* PBXTargetDependency */,
			);
			name = ParsetagramUITests;
			productName = ParsetagramUITests;
			productReference = BEF905372246F9210044ADE9 /* ParsetagramUITests.xctest */;
			productType = "com.apple.product-type.bundle.ui-testing";
		};
/* End PBXNativeTarget section */

/* Begin PBXProject section */
		BEF905102246F9200044ADE9 /* Project object */ = {
			isa = PBXProject;
			attributes = {
				LastSwiftUpdateCheck = 1010;
				LastUpgradeCheck = 1010;
				ORGANIZATIONNAME = "Rafael Carmilema";
				TargetAttributes = {
					BEF905172246F9200044ADE9 = {
						CreatedOnToolsVersion = 10.1;
					};
					BEF9052B2246F9210044ADE9 = {
						CreatedOnToolsVersion = 10.1;
						TestTargetID = BEF905172246F9200044ADE9;
					};
					BEF905362246F9210044ADE9 = {
						CreatedOnToolsVersion = 10.1;
						TestTargetID = BEF905172246F9200044ADE9;
					};
				};
			};
			buildConfigurationList = BEF905132246F9200044ADE9 /* Build configuration list for PBXProject "Parsetagram" */;
			compatibilityVersion = "Xcode 9.3";
			developmentRegion = en;
			hasScannedForEncodings = 0;
			knownRegions = (
				en,
				Base,
			);
			mainGroup = BEF9050F2246F9200044ADE9;
			productRefGroup = BEF905192246F9200044ADE9 /* Products */;
			projectDirPath = "";
			projectRoot = "";
			targets = (
				BEF905172246F9200044ADE9 /* Parsetagram */,
				BEF9052B2246F9210044ADE9 /* ParsetagramTests */,
				BEF905362246F9210044ADE9 /* ParsetagramUITests */,
			);
		};
/* End PBXProject section */

/* Begin PBXResourcesBuildPhase section */
		BEF905162246F9200044ADE9 /* Resources */ = {
			isa = PBXResourcesBuildPhase;
			buildActionMask = 2147483647;
			files = (
				BEF905262246F9210044ADE9 /* LaunchScreen.storyboard in Resources */,
				BEF905232246F9210044ADE9 /* Assets.xcassets in Resources */,
				BEF905212246F9200044ADE9 /* Main.storyboard in Resources */,
			);
			runOnlyForDeploymentPostprocessing = 0;
		};
		BEF9052A2246F9210044ADE9 /* Resources */ = {
			isa = PBXResourcesBuildPhase;
			buildActionMask = 2147483647;
			files = (
			);
			runOnlyForDeploymentPostprocessing = 0;
		};
		BEF905352246F9210044ADE9 /* Resources */ = {
			isa = PBXResourcesBuildPhase;
			buildActionMask = 2147483647;
			files = (
			);
			runOnlyForDeploymentPostprocessing = 0;
		};
/* End PBXResourcesBuildPhase section */

/* Begin PBXShellScriptBuildPhase section */
		06CBEA3A92DB6028E62FCE65 /* [CP] Embed Pods Frameworks */ = {
			isa = PBXShellScriptBuildPhase;
			buildActionMask = 2147483647;
			files = (
			);
			inputFileListPaths = (
			);
			inputPaths = (
				"${PODS_ROOT}/Target Support Files/Pods-Parsetagram/Pods-Parsetagram-frameworks.sh",
				"${BUILT_PRODUCTS_DIR}/Alamofire/Alamofire.framework",
				"${BUILT_PRODUCTS_DIR}/AlamofireImage/AlamofireImage.framework",
				"${BUILT_PRODUCTS_DIR}/Bolts/Bolts.framework",
				"${BUILT_PRODUCTS_DIR}/Parse/Parse.framework",
			);
			name = "[CP] Embed Pods Frameworks";
			outputFileListPaths = (
			);
			outputPaths = (
				"${TARGET_BUILD_DIR}/${FRAMEWORKS_FOLDER_PATH}/Alamofire.framework",
				"${TARGET_BUILD_DIR}/${FRAMEWORKS_FOLDER_PATH}/AlamofireImage.framework",
				"${TARGET_BUILD_DIR}/${FRAMEWORKS_FOLDER_PATH}/Bolts.framework",
				"${TARGET_BUILD_DIR}/${FRAMEWORKS_FOLDER_PATH}/Parse.framework",
			);
			runOnlyForDeploymentPostprocessing = 0;
			shellPath = /bin/sh;
			shellScript = "\"${PODS_ROOT}/Target Support Files/Pods-Parsetagram/Pods-Parsetagram-frameworks.sh\"\n";
			showEnvVarsInLog = 0;
		};
		8B1EE4536D653A63107593D7 /* [CP] Check Pods Manifest.lock */ = {
			isa = PBXShellScriptBuildPhase;
			buildActionMask = 2147483647;
			files = (
			);
			inputFileListPaths = (
			);
			inputPaths = (
				"${PODS_PODFILE_DIR_PATH}/Podfile.lock",
				"${PODS_ROOT}/Manifest.lock",
			);
			name = "[CP] Check Pods Manifest.lock";
			outputFileListPaths = (
			);
			outputPaths = (
				"$(DERIVED_FILE_DIR)/Pods-ParsetagramTests-checkManifestLockResult.txt",
			);
			runOnlyForDeploymentPostprocessing = 0;
			shellPath = /bin/sh;
			shellScript = "diff \"${PODS_PODFILE_DIR_PATH}/Podfile.lock\" \"${PODS_ROOT}/Manifest.lock\" > /dev/null\nif [ $? != 0 ] ; then\n    # print error to STDERR\n    echo \"error: The sandbox is not in sync with the Podfile.lock. Run 'pod install' or update your CocoaPods installation.\" >&2\n    exit 1\nfi\n# This output is used by Xcode 'outputs' to avoid re-running this script phase.\necho \"SUCCESS\" > \"${SCRIPT_OUTPUT_FILE_0}\"\n";
			showEnvVarsInLog = 0;
		};
		C95F7E14A0950BDEB305630E /* [CP] Check Pods Manifest.lock */ = {
			isa = PBXShellScriptBuildPhase;
			buildActionMask = 2147483647;
			files = (
			);
			inputFileListPaths = (
			);
			inputPaths = (
				"${PODS_PODFILE_DIR_PATH}/Podfile.lock",
				"${PODS_ROOT}/Manifest.lock",
			);
			name = "[CP] Check Pods Manifest.lock";
			outputFileListPaths = (
			);
			outputPaths = (
				"$(DERIVED_FILE_DIR)/Pods-Parsetagram-checkManifestLockResult.txt",
			);
			runOnlyForDeploymentPostprocessing = 0;
			shellPath = /bin/sh;
			shellScript = "diff \"${PODS_PODFILE_DIR_PATH}/Podfile.lock\" \"${PODS_ROOT}/Manifest.lock\" > /dev/null\nif [ $? != 0 ] ; then\n    # print error to STDERR\n    echo \"error: The sandbox is not in sync with the Podfile.lock. Run 'pod install' or update your CocoaPods installation.\" >&2\n    exit 1\nfi\n# This output is used by Xcode 'outputs' to avoid re-running this script phase.\necho \"SUCCESS\" > \"${SCRIPT_OUTPUT_FILE_0}\"\n";
			showEnvVarsInLog = 0;
		};
		FD183B591AD51AC2A56E09F5 /* [CP] Check Pods Manifest.lock */ = {
			isa = PBXShellScriptBuildPhase;
			buildActionMask = 2147483647;
			files = (
			);
			inputFileListPaths = (
			);
			inputPaths = (
				"${PODS_PODFILE_DIR_PATH}/Podfile.lock",
				"${PODS_ROOT}/Manifest.lock",
			);
			name = "[CP] Check Pods Manifest.lock";
			outputFileListPaths = (
			);
			outputPaths = (
				"$(DERIVED_FILE_DIR)/Pods-ParsetagramUITests-checkManifestLockResult.txt",
			);
			runOnlyForDeploymentPostprocessing = 0;
			shellPath = /bin/sh;
			shellScript = "diff \"${PODS_PODFILE_DIR_PATH}/Podfile.lock\" \"${PODS_ROOT}/Manifest.lock\" > /dev/null\nif [ $? != 0 ] ; then\n    # print error to STDERR\n    echo \"error: The sandbox is not in sync with the Podfile.lock. Run 'pod install' or update your CocoaPods installation.\" >&2\n    exit 1\nfi\n# This output is used by Xcode 'outputs' to avoid re-running this script phase.\necho \"SUCCESS\" > \"${SCRIPT_OUTPUT_FILE_0}\"\n";
			showEnvVarsInLog = 0;
		};
/* End PBXShellScriptBuildPhase section */

/* Begin PBXSourcesBuildPhase section */
		BEF905142246F9200044ADE9 /* Sources */ = {
			isa = PBXSourcesBuildPhase;
			buildActionMask = 2147483647;
			files = (
				BE3808C52247271600CA31E7 /* LoginViewController.swift in Sources */,
				BE3808C922473B2300CA31E7 /* CameraViewController.swift in Sources */,
				BE3808C72247272900CA31E7 /* FeedViewController.swift in Sources */,
				BEF9051C2246F9200044ADE9 /* AppDelegate.swift in Sources */,
				BE3808CB22481A3500CA31E7 /* PostCell.swift in Sources */,
			);
			runOnlyForDeploymentPostprocessing = 0;
		};
		BEF905282246F9210044ADE9 /* Sources */ = {
			isa = PBXSourcesBuildPhase;
			buildActionMask = 2147483647;
			files = (
				BEF905312246F9210044ADE9 /* ParsetagramTests.swift in Sources */,
			);
			runOnlyForDeploymentPostprocessing = 0;
		};
		BEF905332246F9210044ADE9 /* Sources */ = {
			isa = PBXSourcesBuildPhase;
			buildActionMask = 2147483647;
			files = (
				BEF9053C2246F9210044ADE9 /* ParsetagramUITests.swift in Sources */,
			);
			runOnlyForDeploymentPostprocessing = 0;
		};
/* End PBXSourcesBuildPhase section */

/* Begin PBXTargetDependency section */
		BEF9052E2246F9210044ADE9 /* PBXTargetDependency */ = {
			isa = PBXTargetDependency;
			target = BEF905172246F9200044ADE9 /* Parsetagram */;
			targetProxy = BEF9052D2246F9210044ADE9 /* PBXContainerItemProxy */;
		};
		BEF905392246F9210044ADE9 /* PBXTargetDependency */ = {
			isa = PBXTargetDependency;
			target = BEF905172246F9200044ADE9 /* Parsetagram */;
			targetProxy = BEF905382246F9210044ADE9 /* PBXContainerItemProxy */;
		};
/* End PBXTargetDependency section */

/* Begin PBXVariantGroup section */
		BEF9051F2246F9200044ADE9 /* Main.storyboard */ = {
			isa = PBXVariantGroup;
			children = (
				BEF905202246F9200044ADE9 /* Base */,
			);
			name = Main.storyboard;
			sourceTree = "<group>";
		};
		BEF905242246F9210044ADE9 /* LaunchScreen.storyboard */ = {
			isa = PBXVariantGroup;
			children = (
				BEF905252246F9210044ADE9 /* Base */,
			);
			name = LaunchScreen.storyboard;
			sourceTree = "<group>";
		};
/* End PBXVariantGroup section */

/* Begin XCBuildConfiguration section */
		BEF9053E2246F9210044ADE9 /* Debug */ = {
			isa = XCBuildConfiguration;
			buildSettings = {
				ALWAYS_SEARCH_USER_PATHS = NO;
				CLANG_ANALYZER_NONNULL = YES;
				CLANG_ANALYZER_NUMBER_OBJECT_CONVERSION = YES_AGGRESSIVE;
				CLANG_CXX_LANGUAGE_STANDARD = "gnu++14";
				CLANG_CXX_LIBRARY = "libc++";
				CLANG_ENABLE_MODULES = YES;
				CLANG_ENABLE_OBJC_ARC = YES;
				CLANG_ENABLE_OBJC_WEAK = YES;
				CLANG_WARN_BLOCK_CAPTURE_AUTORELEASING = YES;
				CLANG_WARN_BOOL_CONVERSION = YES;
				CLANG_WARN_COMMA = YES;
				CLANG_WARN_CONSTANT_CONVERSION = YES;
				CLANG_WARN_DEPRECATED_OBJC_IMPLEMENTATIONS = YES;
				CLANG_WARN_DIRECT_OBJC_ISA_USAGE = YES_ERROR;
				CLANG_WARN_DOCUMENTATION_COMMENTS = YES;
				CLANG_WARN_EMPTY_BODY = YES;
				CLANG_WARN_ENUM_CONVERSION = YES;
				CLANG_WARN_INFINITE_RECURSION = YES;
				CLANG_WARN_INT_CONVERSION = YES;
				CLANG_WARN_NON_LITERAL_NULL_CONVERSION = YES;
				CLANG_WARN_OBJC_IMPLICIT_RETAIN_SELF = YES;
				CLANG_WARN_OBJC_LITERAL_CONVERSION = YES;
				CLANG_WARN_OBJC_ROOT_CLASS = YES_ERROR;
				CLANG_WARN_RANGE_LOOP_ANALYSIS = YES;
				CLANG_WARN_STRICT_PROTOTYPES = YES;
				CLANG_WARN_SUSPICIOUS_MOVE = YES;
				CLANG_WARN_UNGUARDED_AVAILABILITY = YES_AGGRESSIVE;
				CLANG_WARN_UNREACHABLE_CODE = YES;
				CLANG_WARN__DUPLICATE_METHOD_MATCH = YES;
				CODE_SIGN_IDENTITY = "iPhone Developer";
				COPY_PHASE_STRIP = NO;
				DEBUG_INFORMATION_FORMAT = dwarf;
				ENABLE_STRICT_OBJC_MSGSEND = YES;
				ENABLE_TESTABILITY = YES;
				GCC_C_LANGUAGE_STANDARD = gnu11;
				GCC_DYNAMIC_NO_PIC = NO;
				GCC_NO_COMMON_BLOCKS = YES;
				GCC_OPTIMIZATION_LEVEL = 0;
				GCC_PREPROCESSOR_DEFINITIONS = (
					"DEBUG=1",
					"$(inherited)",
				);
				GCC_WARN_64_TO_32_BIT_CONVERSION = YES;
				GCC_WARN_ABOUT_RETURN_TYPE = YES_ERROR;
				GCC_WARN_UNDECLARED_SELECTOR = YES;
				GCC_WARN_UNINITIALIZED_AUTOS = YES_AGGRESSIVE;
				GCC_WARN_UNUSED_FUNCTION = YES;
				GCC_WARN_UNUSED_VARIABLE = YES;
				IPHONEOS_DEPLOYMENT_TARGET = 12.1;
				MTL_ENABLE_DEBUG_INFO = INCLUDE_SOURCE;
				MTL_FAST_MATH = YES;
				ONLY_ACTIVE_ARCH = YES;
				SDKROOT = iphoneos;
				SWIFT_ACTIVE_COMPILATION_CONDITIONS = DEBUG;
				SWIFT_OPTIMIZATION_LEVEL = "-Onone";
			};
			name = Debug;
		};
		BEF9053F2246F9210044ADE9 /* Release */ = {
			isa = XCBuildConfiguration;
			buildSettings = {
				ALWAYS_SEARCH_USER_PATHS = NO;
				CLANG_ANALYZER_NONNULL = YES;
				CLANG_ANALYZER_NUMBER_OBJECT_CONVERSION = YES_AGGRESSIVE;
				CLANG_CXX_LANGUAGE_STANDARD = "gnu++14";
				CLANG_CXX_LIBRARY = "libc++";
				CLANG_ENABLE_MODULES = YES;
				CLANG_ENABLE_OBJC_ARC = YES;
				CLANG_ENABLE_OBJC_WEAK = YES;
				CLANG_WARN_BLOCK_CAPTURE_AUTORELEASING = YES;
				CLANG_WARN_BOOL_CONVERSION = YES;
				CLANG_WARN_COMMA = YES;
				CLANG_WARN_CONSTANT_CONVERSION = YES;
				CLANG_WARN_DEPRECATED_OBJC_IMPLEMENTATIONS = YES;
				CLANG_WARN_DIRECT_OBJC_ISA_USAGE = YES_ERROR;
				CLANG_WARN_DOCUMENTATION_COMMENTS = YES;
				CLANG_WARN_EMPTY_BODY = YES;
				CLANG_WARN_ENUM_CONVERSION = YES;
				CLANG_WARN_INFINITE_RECURSION = YES;
				CLANG_WARN_INT_CONVERSION = YES;
				CLANG_WARN_NON_LITERAL_NULL_CONVERSION = YES;
				CLANG_WARN_OBJC_IMPLICIT_RETAIN_SELF = YES;
				CLANG_WARN_OBJC_LITERAL_CONVERSION = YES;
				CLANG_WARN_OBJC_ROOT_CLASS = YES_ERROR;
				CLANG_WARN_RANGE_LOOP_ANALYSIS = YES;
				CLANG_WARN_STRICT_PROTOTYPES = YES;
				CLANG_WARN_SUSPICIOUS_MOVE = YES;
				CLANG_WARN_UNGUARDED_AVAILABILITY = YES_AGGRESSIVE;
				CLANG_WARN_UNREACHABLE_CODE = YES;
				CLANG_WARN__DUPLICATE_METHOD_MATCH = YES;
				CODE_SIGN_IDENTITY = "iPhone Developer";
				COPY_PHASE_STRIP = NO;
				DEBUG_INFORMATION_FORMAT = "dwarf-with-dsym";
				ENABLE_NS_ASSERTIONS = NO;
				ENABLE_STRICT_OBJC_MSGSEND = YES;
				GCC_C_LANGUAGE_STANDARD = gnu11;
				GCC_NO_COMMON_BLOCKS = YES;
				GCC_WARN_64_TO_32_BIT_CONVERSION = YES;
				GCC_WARN_ABOUT_RETURN_TYPE = YES_ERROR;
				GCC_WARN_UNDECLARED_SELECTOR = YES;
				GCC_WARN_UNINITIALIZED_AUTOS = YES_AGGRESSIVE;
				GCC_WARN_UNUSED_FUNCTION = YES;
				GCC_WARN_UNUSED_VARIABLE = YES;
				IPHONEOS_DEPLOYMENT_TARGET = 12.1;
				MTL_ENABLE_DEBUG_INFO = NO;
				MTL_FAST_MATH = YES;
				SDKROOT = iphoneos;
				SWIFT_COMPILATION_MODE = wholemodule;
				SWIFT_OPTIMIZATION_LEVEL = "-O";
				VALIDATE_PRODUCT = YES;
			};
			name = Release;
		};
		BEF905412246F9210044ADE9 /* Debug */ = {
			isa = XCBuildConfiguration;
			baseConfigurationReference = 250503D671853722B276E9D0 /* Pods-Parsetagram.debug.xcconfig */;
			buildSettings = {
				ASSETCATALOG_COMPILER_APPICON_NAME = AppIcon;
				CODE_SIGN_STYLE = Automatic;
				DEVELOPMENT_TEAM = 8PCU3ADGVK;
				INFOPLIST_FILE = Parsetagram/Info.plist;
				LD_RUNPATH_SEARCH_PATHS = (
					"$(inherited)",
					"@executable_path/Frameworks",
				);
				PRODUCT_BUNDLE_IDENTIFIER = com.rafaelcarmilema.Parsetagram;
				PRODUCT_NAME = "$(TARGET_NAME)";
				SWIFT_VERSION = 4.2;
				TARGETED_DEVICE_FAMILY = "1,2";
			};
			name = Debug;
		};
		BEF905422246F9210044ADE9 /* Release */ = {
			isa = XCBuildConfiguration;
			baseConfigurationReference = CFB591637EDDC14D3B5D01CB /* Pods-Parsetagram.release.xcconfig */;
			buildSettings = {
				ASSETCATALOG_COMPILER_APPICON_NAME = AppIcon;
				CODE_SIGN_STYLE = Automatic;
				DEVELOPMENT_TEAM = 8PCU3ADGVK;
				INFOPLIST_FILE = Parsetagram/Info.plist;
				LD_RUNPATH_SEARCH_PATHS = (
					"$(inherited)",
					"@executable_path/Frameworks",
				);
				PRODUCT_BUNDLE_IDENTIFIER = com.rafaelcarmilema.Parsetagram;
				PRODUCT_NAME = "$(TARGET_NAME)";
				SWIFT_VERSION = 4.2;
				TARGETED_DEVICE_FAMILY = "1,2";
			};
			name = Release;
		};
		BEF905442246F9210044ADE9 /* Debug */ = {
			isa = XCBuildConfiguration;
			baseConfigurationReference = A627417FC3723A0B1BDDB11E /* Pods-ParsetagramTests.debug.xcconfig */;
			buildSettings = {
				ALWAYS_EMBED_SWIFT_STANDARD_LIBRARIES = YES;
				BUNDLE_LOADER = "$(TEST_HOST)";
				CODE_SIGN_STYLE = Automatic;
				DEVELOPMENT_TEAM = 8PCU3ADGVK;
				INFOPLIST_FILE = ParsetagramTests/Info.plist;
				LD_RUNPATH_SEARCH_PATHS = (
					"$(inherited)",
					"@executable_path/Frameworks",
					"@loader_path/Frameworks",
				);
				PRODUCT_BUNDLE_IDENTIFIER = com.rafaelcarmilema.ParsetagramTests;
				PRODUCT_NAME = "$(TARGET_NAME)";
				SWIFT_VERSION = 4.2;
				TARGETED_DEVICE_FAMILY = "1,2";
				TEST_HOST = "$(BUILT_PRODUCTS_DIR)/Parsetagram.app/Parsetagram";
			};
			name = Debug;
		};
		BEF905452246F9210044ADE9 /* Release */ = {
			isa = XCBuildConfiguration;
			baseConfigurationReference = EBEAA81407A2800E783A5232 /* Pods-ParsetagramTests.release.xcconfig */;
			buildSettings = {
				ALWAYS_EMBED_SWIFT_STANDARD_LIBRARIES = YES;
				BUNDLE_LOADER = "$(TEST_HOST)";
				CODE_SIGN_STYLE = Automatic;
				DEVELOPMENT_TEAM = 8PCU3ADGVK;
				INFOPLIST_FILE = ParsetagramTests/Info.plist;
				LD_RUNPATH_SEARCH_PATHS = (
					"$(inherited)",
					"@executable_path/Frameworks",
					"@loader_path/Frameworks",
				);
				PRODUCT_BUNDLE_IDENTIFIER = com.rafaelcarmilema.ParsetagramTests;
				PRODUCT_NAME = "$(TARGET_NAME)";
				SWIFT_VERSION = 4.2;
				TARGETED_DEVICE_FAMILY = "1,2";
				TEST_HOST = "$(BUILT_PRODUCTS_DIR)/Parsetagram.app/Parsetagram";
			};
			name = Release;
		};
		BEF905472246F9210044ADE9 /* Debug */ = {
			isa = XCBuildConfiguration;
			baseConfigurationReference = FB34902FCB75E77221E0757C /* Pods-ParsetagramUITests.debug.xcconfig */;
			buildSettings = {
				ALWAYS_EMBED_SWIFT_STANDARD_LIBRARIES = YES;
				CODE_SIGN_STYLE = Automatic;
				DEVELOPMENT_TEAM = 8PCU3ADGVK;
				INFOPLIST_FILE = ParsetagramUITests/Info.plist;
				LD_RUNPATH_SEARCH_PATHS = (
					"$(inherited)",
					"@executable_path/Frameworks",
					"@loader_path/Frameworks",
				);
				PRODUCT_BUNDLE_IDENTIFIER = com.rafaelcarmilema.ParsetagramUITests;
				PRODUCT_NAME = "$(TARGET_NAME)";
				SWIFT_VERSION = 4.2;
				TARGETED_DEVICE_FAMILY = "1,2";
				TEST_TARGET_NAME = Parsetagram;
			};
			name = Debug;
		};
		BEF905482246F9210044ADE9 /* Release */ = {
			isa = XCBuildConfiguration;
			baseConfigurationReference = 3EC58B487398A3C4F69F5B75 /* Pods-ParsetagramUITests.release.xcconfig */;
			buildSettings = {
				ALWAYS_EMBED_SWIFT_STANDARD_LIBRARIES = YES;
				CODE_SIGN_STYLE = Automatic;
				DEVELOPMENT_TEAM = 8PCU3ADGVK;
				INFOPLIST_FILE = ParsetagramUITests/Info.plist;
				LD_RUNPATH_SEARCH_PATHS = (
					"$(inherited)",
					"@executable_path/Frameworks",
					"@loader_path/Frameworks",
				);
				PRODUCT_BUNDLE_IDENTIFIER = com.rafaelcarmilema.ParsetagramUITests;
				PRODUCT_NAME = "$(TARGET_NAME)";
				SWIFT_VERSION = 4.2;
				TARGETED_DEVICE_FAMILY = "1,2";
				TEST_TARGET_NAME = Parsetagram;
			};
			name = Release;
		};
/* End XCBuildConfiguration section */

/* Begin XCConfigurationList section */
		BEF905132246F9200044ADE9 /* Build configuration list for PBXProject "Parsetagram" */ = {
			isa = XCConfigurationList;
			buildConfigurations = (
				BEF9053E2246F9210044ADE9 /* Debug */,
				BEF9053F2246F9210044ADE9 /* Release */,
			);
			defaultConfigurationIsVisible = 0;
			defaultConfigurationName = Release;
		};
		BEF905402246F9210044ADE9 /* Build configuration list for PBXNativeTarget "Parsetagram" */ = {
			isa = XCConfigurationList;
			buildConfigurations = (
				BEF905412246F9210044ADE9 /* Debug */,
				BEF905422246F9210044ADE9 /* Release */,
			);
			defaultConfigurationIsVisible = 0;
			defaultConfigurationName = Release;
		};
		BEF905432246F9210044ADE9 /* Build configuration list for PBXNativeTarget "ParsetagramTests" */ = {
			isa = XCConfigurationList;
			buildConfigurations = (
				BEF905442246F9210044ADE9 /* Debug */,
				BEF905452246F9210044ADE9 /* Release */,
			);
			defaultConfigurationIsVisible = 0;
			defaultConfigurationName = Release;
		};
		BEF905462246F9210044ADE9 /* Build configuration list for PBXNativeTarget "ParsetagramUITests" */ = {
			isa = XCConfigurationList;
			buildConfigurations = (
				BEF905472246F9210044ADE9 /* Debug */,
				BEF905482246F9210044ADE9 /* Release */,
			);
			defaultConfigurationIsVisible = 0;
			defaultConfigurationName = Release;
		};
/* End XCConfigurationList section */
	};
	rootObject = BEF905102246F9200044ADE9 /* Project object */;
}
